schema: '2.0'
stages:
  prepare:
    cmd: python src/prepare.py
    deps:
    - path: src/prepare.py
      hash: md5
      md5: 94988324e872074b8a6ae4ff0308793f
      size: 376
    outs:
    - path: data/raw
      hash: md5
      md5: e879c4f5500d7309db96668c1b6e6328.dir
      size: 54951002
      nfiles: 1
  preprocess:
    cmd: python src/preprocess.py
    deps:
    - path: data/raw
      hash: md5
      md5: e879c4f5500d7309db96668c1b6e6328.dir
      size: 54951002
      nfiles: 1
    - path: src/preprocess.py
      hash: md5
      md5: cdcc344960fc162f7dc2a09cb3dcb917
      size: 883
    params:
      params.yaml:
        preprocess.seed: 42
        preprocess.test_size: 0.1
    outs:
    - path: data/processed
      hash: md5
      md5: 94175bb6b31a6e4755c976cf175cf492.dir
      size: 219591470
      nfiles: 3
  train:
    cmd: python src/train.py
    deps:
    - path: data/processed
      hash: md5
      md5: 94175bb6b31a6e4755c976cf175cf492.dir
      size: 219591470
      nfiles: 3
    - path: src/train.py
      hash: md5
      md5: 693e697b896c33665cda4096fc8b25a1
      size: 1252
    params:
      params.yaml:
        train.batch_size: 64
        train.dense_units: 256
        train.dropout_rate: 0.2
        train.epochs: 10
        train.learning_rate: 0.001
    outs:
    - path: models
      hash: md5
      md5: 392f45987f0f4d85a3323aff1825415f.dir
      size: 2467740
      nfiles: 2
  evaluate:
    cmd: python src/evaluate.py
    deps:
    - path: data/processed/test.npz
      hash: md5
      md5: 18d8c9e2f76bbda67ff8a30572a46339
      size: 31370490
    - path: models/model.h5
      hash: md5
      md5: d0302e9996505279aa80ff4ebb0520ff
      size: 2466904
    - path: src/evaluate.py
      hash: md5
      md5: 95573abb923708bd0fccfbc2320c666a
      size: 936
    outs:
    - path: confusion_matrix.png
      hash: md5
      md5: cbc8bdfe271b255c3ba3aefaf4bd62f1
      size: 57036
    - path: metrics.json
      hash: md5
      md5: 4f9c4c99af0ec61ae5be8936ca504209
      size: 79
